
Microsoft Visual Studio Solution File, Format Version 12.00
# Visual Studio Version 17
VisualStudioVersion = 17.9.34902.65
MinimumVisualStudioVersion = 10.0.40219.1
Project("{FAE04EC0-301F-11D3-BF4B-00C04F79EFBC}") = "NodejsTestingProject", "NodejsTestingProject\NodejsTestingProject.csproj", "{CF9E383B-0659-4043-A3F8-F0E59DACC727}"
EndProject
Project("{FAE04EC0-301F-11D3-BF4B-00C04F79EFBC}") = "NodejsTest", "NodejsTest\NodejsTest.csproj", "{C7AE2885-E20C-4263-9773-3AF38099DFED}"
EndProject
Global
	GlobalSection(SolutionConfigurationPlatforms) = preSolution
		Debug|Any CPU = Debug|Any CPU
		Release|Any CPU = Release|Any CPU
	EndGlobalSection
	GlobalSection(ProjectConfigurationPlatforms) = postSolution
		{CF9E383B-0659-4043-A3F8-F0E59DACC727}.Debug|Any CPU.ActiveCfg = Debug|Any CPU
		{CF9E383B-0659-4043-A3F8-F0E59DACC727}.Debug|Any CPU.Build.0 = Debug|Any CPU
		{CF9E383B-0659-4043-A3F8-F0E59DACC727}.Release|Any CPU.ActiveCfg = Release|Any CPU
		{CF9E383B-0659-4043-A3F8-F0E59DACC727}.Release|Any CPU.Build.0 = Release|Any CPU
		{C7AE2885-E20C-4263-9773-3AF38099DFED}.Debug|Any CPU.ActiveCfg = Debug|Any CPU
		{C7AE2885-E20C-4263-9773-3AF38099DFED}.Debug|Any CPU.Build.0 = Debug|Any CPU
		{C7AE2885-E20C-4263-9773-3AF38099DFED}.Release|Any CPU.ActiveCfg = Release|Any CPU
		{C7AE2885-E20C-4263-9773-3AF38099DFED}.Release|Any CPU.Build.0 = Release|Any CPU
	EndGlobalSection
	GlobalSection(SolutionProperties) = preSolution
		HideSolutionNode = FALSE
	EndGlobalSection
	GlobalSection(ExtensibilityGlobals) = postSolution
		SolutionGuid = {27A4FE9D-5979-436E-B4B5-EAE56DF32709}
	EndGlobalSection
EndGlobal
